
Microsoft Visual Studio Solution File, Format Version 12.00
# Visual Studio 14
VisualStudioVersion = 14.0.25420.1
MinimumVisualStudioVersion = 10.0.40219.1
Project("{159641D6-6404-4A2A-AE62-294DE0FE8301}") = "Germany Mailchimp Export", "Germany Mailchimp Export\Germany Mailchimp Export.dtproj", "{894F2885-9A81-4059-AEEB-4D3F9393267D}"
EndProject
Global
	GlobalSection(SolutionConfigurationPlatforms) = preSolution
		Development|Default = Development|Default
	EndGlobalSection
	GlobalSection(ProjectConfigurationPlatforms) = postSolution
		{894F2885-9A81-4059-AEEB-4D3F9393267D}.Development|Default.ActiveCfg = Development
		{894F2885-9A81-4059-AEEB-4D3F9393267D}.Development|Default.Build.0 = Development
	EndGlobalSection
	GlobalSection(SolutionProperties) = preSolution
		HideSolutionNode = FALSE
	EndGlobalSection
EndGlobal
